// !$*UTF8*$!
{
	archiveVersion = 1;
	classes = {
	};
	objectVersion = 55;
	objects = {

/* Begin PBXBuildFile section */
		B4824BC727A75154002FD3AF /* AppDelegate.swift in Sources */ = {isa = PBXBuildFile; fileRef = B4824BC627A75154002FD3AF /* AppDelegate.swift */; };
		B4824BC927A75154002FD3AF /* SceneDelegate.swift in Sources */ = {isa = PBXBuildFile; fileRef = B4824BC827A75154002FD3AF /* SceneDelegate.swift */; };
		B4824BCB27A75154002FD3AF /* ViewController.swift in Sources */ = {isa = PBXBuildFile; fileRef = B4824BCA27A75154002FD3AF /* ViewController.swift */; };
		B4824BCE27A75154002FD3AF /* Main.storyboard in Resources */ = {isa = PBXBuildFile; fileRef = B4824BCC27A75154002FD3AF /* Main.storyboard */; };
		B4824BD027A75157002FD3AF /* Assets.xcassets in Resources */ = {isa = PBXBuildFile; fileRef = B4824BCF27A75157002FD3AF /* Assets.xcassets */; };
		B4824BD327A75157002FD3AF /* LaunchScreen.storyboard in Resources */ = {isa = PBXBuildFile; fileRef = B4824BD127A75157002FD3AF /* LaunchScreen.storyboard */; };
		B4824BDE27A75157002FD3AF /* Bandharapu_Assignment02Tests.swift in Sources */ = {isa = PBXBuildFile; fileRef = B4824BDD27A75157002FD3AF /* Bandharapu_Assignment02Tests.swift */; };
		B4824BE827A75157002FD3AF /* Bandharapu_Assignment02UITests.swift in Sources */ = {isa = PBXBuildFile; fileRef = B4824BE727A75157002FD3AF /* Bandharapu_Assignment02UITests.swift */; };
		B4824BEA27A75157002FD3AF /* Bandharapu_Assignment02UITestsLaunchTests.swift in Sources */ = {isa = PBXBuildFile; fileRef = B4824BE927A75157002FD3AF /* Bandharapu_Assignment02UITestsLaunchTests.swift */; };
/* End PBXBuildFile section */

/* Begin PBXContainerItemProxy section */
		B4824BDA27A75157002FD3AF /* PBXContainerItemProxy */ = {
			isa = PBXContainerItemProxy;
			containerPortal = B4824BBB27A75154002FD3AF /* Project object */;
			proxyType = 1;
			remoteGlobalIDString = B4824BC227A75154002FD3AF;
			remoteInfo = Bandharapu_Assignment02;
		};
		B4824BE427A75157002FD3AF /* PBXContainerItemProxy */ = {
			isa = PBXContainerItemProxy;
			containerPortal = B4824BBB27A75154002FD3AF /* Project object */;
			proxyType = 1;
			remoteGlobalIDString = B4824BC227A75154002FD3AF;
			remoteInfo = Bandharapu_Assignment02;
		};
/* End PBXContainerItemProxy section */

/* Begin PBXFileReference section */
		B4824BC327A75154002FD3AF /* Bandharapu_Assignment02.app */ = {isa = PBXFileReference; explicitFileType = wrapper.application; includeInIndex = 0; path = Bandharapu_Assignment02.app; sourceTree = BUILT_PRODUCTS_DIR; };
		B4824BC627A75154002FD3AF /* AppDelegate.swift */ = {isa = PBXFileReference; lastKnownFileType = sourcecode.swift; path = AppDelegate.swift; sourceTree = "<group>"; };
		B4824BC827A75154002FD3AF /* SceneDelegate.swift */ = {isa = PBXFileReference; lastKnownFileType = sourcecode.swift; path = SceneDelegate.swift; sourceTree = "<group>"; };
		B4824BCA27A75154002FD3AF /* ViewController.swift */ = {isa = PBXFileReference; lastKnownFileType = sourcecode.swift; path = ViewController.swift; sourceTree = "<group>"; };
		B4824BCD27A75154002FD3AF /* Base */ = {isa = PBXFileReference; lastKnownFileType = file.storyboard; name = Base; path = Base.lproj/Main.storyboard; sourceTree = "<group>"; };
		B4824BCF27A75157002FD3AF /* Assets.xcassets */ = {isa = PBXFileReference; lastKnownFileType = folder.assetcatalog; path = Assets.xcassets; sourceTree = "<group>"; };
		B4824BD227A75157002FD3AF /* Base */ = {isa = PBXFileReference; lastKnownFileType = file.storyboard; name = Base; path = Base.lproj/LaunchScreen.storyboard; sourceTree = "<group>"; };
		B4824BD427A75157002FD3AF /* Info.plist */ = {isa = PBXFileReference; lastKnownFileType = text.plist.xml; path = Info.plist; sourceTree = "<group>"; };
		B4824BD927A75157002FD3AF /* Bandharapu_Assignment02Tests.xctest */ = {isa = PBXFileReference; explicitFileType = wrapper.cfbundle; includeInIndex = 0; path = Bandharapu_Assignment02Tests.xctest; sourceTree = BUILT_PRODUCTS_DIR; };
		B4824BDD27A75157002FD3AF /* Bandharapu_Assignment02Tests.swift */ = {isa = PBXFileReference; lastKnownFileType = sourcecode.swift; path = Bandharapu_Assignment02Tests.swift; sourceTree = "<group>"; };
		B4824BE327A75157002FD3AF /* Bandharapu_Assignment02UITests.xctest */ = {isa = PBXFileReference; explicitFileType = wrapper.cfbundle; includeInIndex = 0; path = Bandharapu_Assignment02UITests.xctest; sourceTree = BUILT_PRODUCTS_DIR; };
		B4824BE727A75157002FD3AF /* Bandharapu_Assignment02UITests.swift */ = {isa = PBXFileReference; lastKnownFileType = sourcecode.swift; path = Bandharapu_Assignment02UITests.swift; sourceTree = "<group>"; };
		B4824BE927A75157002FD3AF /* Bandharapu_Assignment02UITestsLaunchTests.swift */ = {isa = PBXFileReference; lastKnownFileType = sourcecode.swift; path = Bandharapu_Assignment02UITestsLaunchTests.swift; sourceTree = "<group>"; };
/* End PBXFileReference section */

/* Begin PBXFrameworksBuildPhase section */
		B4824BC027A75154002FD3AF /* Frameworks */ = {
			isa = PBXFrameworksBuildPhase;
			buildActionMask = 2147483647;
			files = (
			);
			runOnlyForDeploymentPostprocessing = 0;
		};
		B4824BD627A75157002FD3AF /* Frameworks */ = {
			isa = PBXFrameworksBuildPhase;
			buildActionMask = 2147483647;
			files = (
			);
			runOnlyForDeploymentPostprocessing = 0;
		};
		B4824BE027A75157002FD3AF /* Frameworks */ = {
			isa = PBXFrameworksBuildPhase;
			buildActionMask = 2147483647;
			files = (
			);
			runOnlyForDeploymentPostprocessing = 0;
		};
/* End PBXFrameworksBuildPhase section */

/* Begin PBXGroup section */
		B4824BBA27A75154002FD3AF = {
			isa = PBXGroup;
			children = (
				B4824BC527A75154002FD3AF /* Bandharapu_Assignment02 */,
				B4824BDC27A75157002FD3AF /* Bandharapu_Assignment02Tests */,
				B4824BE627A75157002FD3AF /* Bandharapu_Assignment02UITests */,
				B4824BC427A75154002FD3AF /* Products */,
			);
			sourceTree = "<group>";
		};
		B4824BC427A75154002FD3AF /* Products */ = {
			isa = PBXGroup;
			children = (
				B4824BC327A75154002FD3AF /* Bandharapu_Assignment02.app */,
				B4824BD927A75157002FD3AF /* Bandharapu_Assignment02Tests.xctest */,
				B4824BE327A75157002FD3AF /* Bandharapu_Assignment02UITests.xctest */,
			);
			name = Products;
			sourceTree = "<group>";
		};
		B4824BC527A75154002FD3AF /* Bandharapu_Assignment02 */ = {
			isa = PBXGroup;
			children = (
				B4824BC627A75154002FD3AF /* AppDelegate.swift */,
				B4824BC827A75154002FD3AF /* SceneDelegate.swift */,
				B4824BCA27A75154002FD3AF /* ViewController.swift */,
				B4824BCC27A75154002FD3AF /* Main.storyboard */,
				B4824BCF27A75157002FD3AF /* Assets.xcassets */,
				B4824BD127A75157002FD3AF /* LaunchScreen.storyboard */,
				B4824BD427A75157002FD3AF /* Info.plist */,
			);
			path = Bandharapu_Assignment02;
			sourceTree = "<group>";
		};
		B4824BDC27A75157002FD3AF /* Bandharapu_Assignment02Tests */ = {
			isa = PBXGroup;
			children = (
				B4824BDD27A75157002FD3AF /* Bandharapu_Assignment02Tests.swift */,
			);
			path = Bandharapu_Assignment02Tests;
			sourceTree = "<group>";
		};
		B4824BE627A75157002FD3AF /* Bandharapu_Assignment02UITests */ = {
			isa = PBXGroup;
			children = (
				B4824BE727A75157002FD3AF /* Bandharapu_Assignment02UITests.swift */,
				B4824BE927A75157002FD3AF /* Bandharapu_Assignment02UITestsLaunchTests.swift */,
			);
			path = Bandharapu_Assignment02UITests;
			sourceTree = "<group>";
		};
/* End PBXGroup section */

/* Begin PBXNativeTarget section */
		B4824BC227A75154002FD3AF /* Bandharapu_Assignment02 */ = {
			isa = PBXNativeTarget;
			buildConfigurationList = B4824BED27A75157002FD3AF /* Build configuration list for PBXNativeTarget "Bandharapu_Assignment02" */;
			buildPhases = (
				B4824BBF27A75154002FD3AF /* Sources */,
				B4824BC027A75154002FD3AF /* Frameworks */,
				B4824BC127A75154002FD3AF /* Resources */,
			);
			buildRules = (
			);
			dependencies = (
			);
			name = Bandharapu_Assignment02;
			productName = Bandharapu_Assignment02;
			productReference = B4824BC327A75154002FD3AF /* Bandharapu_Assignment02.app */;
			productType = "com.apple.product-type.application";
		};
		B4824BD827A75157002FD3AF /* Bandharapu_Assignment02Tests */ = {
			isa = PBXNativeTarget;
			buildConfigurationList = B4824BF027A75157002FD3AF /* Build configuration list for PBXNativeTarget "Bandharapu_Assignment02Tests" */;
			buildPhases = (
				B4824BD527A75157002FD3AF /* Sources */,
				B4824BD627A75157002FD3AF /* Frameworks */,
				B4824BD727A75157002FD3AF /* Resources */,
			);
			buildRules = (
			);
			dependencies = (
				B4824BDB27A75157002FD3AF /* PBXTargetDependency */,
			);
			name = Bandharapu_Assignment02Tests;
			productName = Bandharapu_Assignment02Tests;
			productReference = B4824BD927A75157002FD3AF /* Bandharapu_Assignment02Tests.xctest */;
			productType = "com.apple.product-type.bundle.unit-test";
		};
		B4824BE227A75157002FD3AF /* Bandharapu_Assignment02UITests */ = {
			isa = PBXNativeTarget;
			buildConfigurationList = B4824BF327A75157002FD3AF /* Build configuration list for PBXNativeTarget "Bandharapu_Assignment02UITests" */;
			buildPhases = (
				B4824BDF27A75157002FD3AF /* Sources */,
				B4824BE027A75157002FD3AF /* Frameworks */,
				B4824BE127A75157002FD3AF /* Resources */,
			);
			buildRules = (
			);
			dependencies = (
				B4824BE527A75157002FD3AF /* PBXTargetDependency */,
			);
			name = Bandharapu_Assignment02UITests;
			productName = Bandharapu_Assignment02UITests;
			productReference = B4824BE327A75157002FD3AF /* Bandharapu_Assignment02UITests.xctest */;
			productType = "com.apple.product-type.bundle.ui-testing";
		};
/* End PBXNativeTarget section */

/* Begin PBXProject section */
		B4824BBB27A75154002FD3AF /* Project object */ = {
			isa = PBXProject;
			attributes = {
				BuildIndependentTargetsInParallel = 1;
				LastSwiftUpdateCheck = 1320;
				LastUpgradeCheck = 1320;
				TargetAttributes = {
					B4824BC227A75154002FD3AF = {
						CreatedOnToolsVersion = 13.2.1;
					};
					B4824BD827A75157002FD3AF = {
						CreatedOnToolsVersion = 13.2.1;
						TestTargetID = B4824BC227A75154002FD3AF;
					};
					B4824BE227A75157002FD3AF = {
						CreatedOnToolsVersion = 13.2.1;
						TestTargetID = B4824BC227A75154002FD3AF;
					};
				};
			};
			buildConfigurationList = B4824BBE27A75154002FD3AF /* Build configuration list for PBXProject "Bandharapu_Assignment02" */;
			compatibilityVersion = "Xcode 13.0";
			developmentRegion = en;
			hasScannedForEncodings = 0;
			knownRegions = (
				en,
				Base,
			);
			mainGroup = B4824BBA27A75154002FD3AF;
			productRefGroup = B4824BC427A75154002FD3AF /* Products */;
			projectDirPath = "";
			projectRoot = "";
			targets = (
				B4824BC227A75154002FD3AF /* Bandharapu_Assignment02 */,
				B4824BD827A75157002FD3AF /* Bandharapu_Assignment02Tests */,
				B4824BE227A75157002FD3AF /* Bandharapu_Assignment02UITests */,
			);
		};
/* End PBXProject section */

/* Begin PBXResourcesBuildPhase section */
		B4824BC127A75154002FD3AF /* Resources */ = {
			isa = PBXResourcesBuildPhase;
			buildActionMask = 2147483647;
			files = (
				B4824BD327A75157002FD3AF /* LaunchScreen.storyboard in Resources */,
				B4824BD027A75157002FD3AF /* Assets.xcassets in Resources */,
				B4824BCE27A75154002FD3AF /* Main.storyboard in Resources */,
			);
			runOnlyForDeploymentPostprocessing = 0;
		};
		B4824BD727A75157002FD3AF /* Resources */ = {
			isa = PBXResourcesBuildPhase;
			buildActionMask = 2147483647;
			files = (
			);
			runOnlyForDeploymentPostprocessing = 0;
		};
		B4824BE127A75157002FD3AF /* Resources */ = {
			isa = PBXResourcesBuildPhase;
			buildActionMask = 2147483647;
			files = (
			);
			runOnlyForDeploymentPostprocessing = 0;
		};
/* End PBXResourcesBuildPhase section */

/* Begin PBXSourcesBuildPhase section */
		B4824BBF27A75154002FD3AF /* Sources */ = {
			isa = PBXSourcesBuildPhase;
			buildActionMask = 2147483647;
			files = (
				B4824BCB27A75154002FD3AF /* ViewController.swift in Sources */,
				B4824BC727A75154002FD3AF /* AppDelegate.swift in Sources */,
				B4824BC927A75154002FD3AF /* SceneDelegate.swift in Sources */,
			);
			runOnlyForDeploymentPostprocessing = 0;
		};
		B4824BD527A75157002FD3AF /* Sources */ = {
			isa = PBXSourcesBuildPhase;
			buildActionMask = 2147483647;
			files = (
				B4824BDE27A75157002FD3AF /* Bandharapu_Assignment02Tests.swift in Sources */,
			);
			runOnlyForDeploymentPostprocessing = 0;
		};
		B4824BDF27A75157002FD3AF /* Sources */ = {
			isa = PBXSourcesBuildPhase;
			buildActionMask = 2147483647;
			files = (
				B4824BE827A75157002FD3AF /* Bandharapu_Assignment02UITests.swift in Sources */,
				B4824BEA27A75157002FD3AF /* Bandharapu_Assignment02UITestsLaunchTests.swift in Sources */,
			);
			runOnlyForDeploymentPostprocessing = 0;
		};
/* End PBXSourcesBuildPhase section */

/* Begin PBXTargetDependency section */
		B4824BDB27A75157002FD3AF /* PBXTargetDependency */ = {
			isa = PBXTargetDependency;
			target = B4824BC227A75154002FD3AF /* Bandharapu_Assignment02 */;
			targetProxy = B4824BDA27A75157002FD3AF /* PBXContainerItemProxy */;
		};
		B4824BE527A75157002FD3AF /* PBXTargetDependency */ = {
			isa = PBXTargetDependency;
			target = B4824BC227A75154002FD3AF /* Bandharapu_Assignment02 */;
			targetProxy = B4824BE427A75157002FD3AF /* PBXContainerItemProxy */;
		};
/* End PBXTargetDependency section */

/* Begin PBXVariantGroup section */
		B4824BCC27A75154002FD3AF /* Main.storyboard */ = {
			isa = PBXVariantGroup;
			children = (
				B4824BCD27A75154002FD3AF /* Base */,
			);
			name = Main.storyboard;
			sourceTree = "<group>";
		};
		B4824BD127A75157002FD3AF /* LaunchScreen.storyboard */ = {
			isa = PBXVariantGroup;
			children = (
				B4824BD227A75157002FD3AF /* Base */,
			);
			name = LaunchScreen.storyboard;
			sourceTree = "<group>";
		};
/* End PBXVariantGroup section */

/* Begin XCBuildConfiguration section */
		B4824BEB27A75157002FD3AF /* Debug */ = {
			isa = XCBuildConfiguration;
			buildSettings = {
				ALWAYS_SEARCH_USER_PATHS = NO;
				CLANG_ANALYZER_NONNULL = YES;
				CLANG_ANALYZER_NUMBER_OBJECT_CONVERSION = YES_AGGRESSIVE;
				CLANG_CXX_LANGUAGE_STANDARD = "gnu++17";
				CLANG_CXX_LIBRARY = "libc++";
				CLANG_ENABLE_MODULES = YES;
				CLANG_ENABLE_OBJC_ARC = YES;
				CLANG_ENABLE_OBJC_WEAK = YES;
				CLANG_WARN_BLOCK_CAPTURE_AUTORELEASING = YES;
				CLANG_WARN_BOOL_CONVERSION = YES;
				CLANG_WARN_COMMA = YES;
				CLANG_WARN_CONSTANT_CONVERSION = YES;
				CLANG_WARN_DEPRECATED_OBJC_IMPLEMENTATIONS = YES;
				CLANG_WARN_DIRECT_OBJC_ISA_USAGE = YES_ERROR;
				CLANG_WARN_DOCUMENTATION_COMMENTS = YES;
				CLANG_WARN_EMPTY_BODY = YES;
				CLANG_WARN_ENUM_CONVERSION = YES;
				CLANG_WARN_INFINITE_RECURSION = YES;
				CLANG_WARN_INT_CONVERSION = YES;
				CLANG_WARN_NON_LITERAL_NULL_CONVERSION = YES;
				CLANG_WARN_OBJC_IMPLICIT_RETAIN_SELF = YES;
				CLANG_WARN_OBJC_LITERAL_CONVERSION = YES;
				CLANG_WARN_OBJC_ROOT_CLASS = YES_ERROR;
				CLANG_WARN_QUOTED_INCLUDE_IN_FRAMEWORK_HEADER = YES;
				CLANG_WARN_RANGE_LOOP_ANALYSIS = YES;
				CLANG_WARN_STRICT_PROTOTYPES = YES;
				CLANG_WARN_SUSPICIOUS_MOVE = YES;
				CLANG_WARN_UNGUARDED_AVAILABILITY = YES_AGGRESSIVE;
				CLANG_WARN_UNREACHABLE_CODE = YES;
				CLANG_WARN__DUPLICATE_METHOD_MATCH = YES;
				COPY_PHASE_STRIP = NO;
				DEBUG_INFORMATION_FORMAT = dwarf;
				ENABLE_STRICT_OBJC_MSGSEND = YES;
				ENABLE_TESTABILITY = YES;
				GCC_C_LANGUAGE_STANDARD = gnu11;
				GCC_DYNAMIC_NO_PIC = NO;
				GCC_NO_COMMON_BLOCKS = YES;
				GCC_OPTIMIZATION_LEVEL = 0;
				GCC_PREPROCESSOR_DEFINITIONS = (
					"DEBUG=1",
					"$(inherited)",
				);
				GCC_WARN_64_TO_32_BIT_CONVERSION = YES;
				GCC_WARN_ABOUT_RETURN_TYPE = YES_ERROR;
				GCC_WARN_UNDECLARED_SELECTOR = YES;
				GCC_WARN_UNINITIALIZED_AUTOS = YES_AGGRESSIVE;
				GCC_WARN_UNUSED_FUNCTION = YES;
				GCC_WARN_UNUSED_VARIABLE = YES;
				IPHONEOS_DEPLOYMENT_TARGET = 15.2;
				MTL_ENABLE_DEBUG_INFO = INCLUDE_SOURCE;
				MTL_FAST_MATH = YES;
				ONLY_ACTIVE_ARCH = YES;
				SDKROOT = iphoneos;
				SWIFT_ACTIVE_COMPILATION_CONDITIONS = DEBUG;
				SWIFT_OPTIMIZATION_LEVEL = "-Onone";
			};
			name = Debug;
		};
		B4824BEC27A75157002FD3AF /* Release */ = {
			isa = XCBuildConfiguration;
			buildSettings = {
				ALWAYS_SEARCH_USER_PATHS = NO;
				CLANG_ANALYZER_NONNULL = YES;
				CLANG_ANALYZER_NUMBER_OBJECT_CONVERSION = YES_AGGRESSIVE;
				CLANG_CXX_LANGUAGE_STANDARD = "gnu++17";
				CLANG_CXX_LIBRARY = "libc++";
				CLANG_ENABLE_MODULES = YES;
				CLANG_ENABLE_OBJC_ARC = YES;
				CLANG_ENABLE_OBJC_WEAK = YES;
				CLANG_WARN_BLOCK_CAPTURE_AUTORELEASING = YES;
				CLANG_WARN_BOOL_CONVERSION = YES;
				CLANG_WARN_COMMA = YES;
				CLANG_WARN_CONSTANT_CONVERSION = YES;
				CLANG_WARN_DEPRECATED_OBJC_IMPLEMENTATIONS = YES;
				CLANG_WARN_DIRECT_OBJC_ISA_USAGE = YES_ERROR;
				CLANG_WARN_DOCUMENTATION_COMMENTS = YES;
				CLANG_WARN_EMPTY_BODY = YES;
				CLANG_WARN_ENUM_CONVERSION = YES;
				CLANG_WARN_INFINITE_RECURSION = YES;
				CLANG_WARN_INT_CONVERSION = YES;
				CLANG_WARN_NON_LITERAL_NULL_CONVERSION = YES;
				CLANG_WARN_OBJC_IMPLICIT_RETAIN_SELF = YES;
				CLANG_WARN_OBJC_LITERAL_CONVERSION = YES;
				CLANG_WARN_OBJC_ROOT_CLASS = YES_ERROR;
				CLANG_WARN_QUOTED_INCLUDE_IN_FRAMEWORK_HEADER = YES;
				CLANG_WARN_RANGE_LOOP_ANALYSIS = YES;
				CLANG_WARN_STRICT_PROTOTYPES = YES;
				CLANG_WARN_SUSPICIOUS_MOVE = YES;
				CLANG_WARN_UNGUARDED_AVAILABILITY = YES_AGGRESSIVE;
				CLANG_WARN_UNREACHABLE_CODE = YES;
				CLANG_WARN__DUPLICATE_METHOD_MATCH = YES;
				COPY_PHASE_STRIP = NO;
				DEBUG_INFORMATION_FORMAT = "dwarf-with-dsym";
				ENABLE_NS_ASSERTIONS = NO;
				ENABLE_STRICT_OBJC_MSGSEND = YES;
				GCC_C_LANGUAGE_STANDARD = gnu11;
				GCC_NO_COMMON_BLOCKS = YES;
				GCC_WARN_64_TO_32_BIT_CONVERSION = YES;
				GCC_WARN_ABOUT_RETURN_TYPE = YES_ERROR;
				GCC_WARN_UNDECLARED_SELECTOR = YES;
				GCC_WARN_UNINITIALIZED_AUTOS = YES_AGGRESSIVE;
				GCC_WARN_UNUSED_FUNCTION = YES;
				GCC_WARN_UNUSED_VARIABLE = YES;
				IPHONEOS_DEPLOYMENT_TARGET = 15.2;
				MTL_ENABLE_DEBUG_INFO = NO;
				MTL_FAST_MATH = YES;
				SDKROOT = iphoneos;
				SWIFT_COMPILATION_MODE = wholemodule;
				SWIFT_OPTIMIZATION_LEVEL = "-O";
				VALIDATE_PRODUCT = YES;
			};
			name = Release;
		};
		B4824BEE27A75157002FD3AF /* Debug */ = {
			isa = XCBuildConfiguration;
			buildSettings = {
				ASSETCATALOG_COMPILER_APPICON_NAME = AppIcon;
				ASSETCATALOG_COMPILER_GLOBAL_ACCENT_COLOR_NAME = AccentColor;
				CODE_SIGN_STYLE = Automatic;
				CURRENT_PROJECT_VERSION = 1;
				GENERATE_INFOPLIST_FILE = YES;
				INFOPLIST_FILE = Bandharapu_Assignment02/Info.plist;
				INFOPLIST_KEY_CFBundleDisplayName = Bandharapu_Assignment02;
				INFOPLIST_KEY_UIApplicationSupportsIndirectInputEvents = YES;
				INFOPLIST_KEY_UILaunchStoryboardName = LaunchScreen;
				INFOPLIST_KEY_UIMainStoryboardFile = Main;
				INFOPLIST_KEY_UISupportedInterfaceOrientations_iPad = "UIInterfaceOrientationPortrait UIInterfaceOrientationPortraitUpsideDown UIInterfaceOrientationLandscapeLeft UIInterfaceOrientationLandscapeRight";
				INFOPLIST_KEY_UISupportedInterfaceOrientations_iPhone = "UIInterfaceOrientationPortrait UIInterfaceOrientationLandscapeLeft UIInterfaceOrientationLandscapeRight";
				LD_RUNPATH_SEARCH_PATHS = (
					"$(inherited)",
					"@executable_path/Frameworks",
				);
				MARKETING_VERSION = 1.0;
				PRODUCT_BUNDLE_IDENTIFIER = "nwmsu.Bandharapu-Assignment02";
				PRODUCT_NAME = "$(TARGET_NAME)";
				SWIFT_EMIT_LOC_STRINGS = YES;
				SWIFT_VERSION = 5.0;
				TARGETED_DEVICE_FAMILY = "1,2";
			};
			name = Debug;
		};
		B4824BEF27A75157002FD3AF /* Release */ = {
			isa = XCBuildConfiguration;
			buildSettings = {
				ASSETCATALOG_COMPILER_APPICON_NAME = AppIcon;
				ASSETCATALOG_COMPILER_GLOBAL_ACCENT_COLOR_NAME = AccentColor;
				CODE_SIGN_STYLE = Automatic;
				CURRENT_PROJECT_VERSION = 1;
				GENERATE_INFOPLIST_FILE = YES;
				INFOPLIST_FILE = Bandharapu_Assignment02/Info.plist;
				INFOPLIST_KEY_CFBundleDisplayName = Bandharapu_Assignment02;
				INFOPLIST_KEY_UIApplicationSupportsIndirectInputEvents = YES;
				INFOPLIST_KEY_UILaunchStoryboardName = LaunchScreen;
				INFOPLIST_KEY_UIMainStoryboardFile = Main;
				INFOPLIST_KEY_UISupportedInterfaceOrientations_iPad = "UIInterfaceOrientationPortrait UIInterfaceOrientationPortraitUpsideDown UIInterfaceOrientationLandscapeLeft UIInterfaceOrientationLandscapeRight";
				INFOPLIST_KEY_UISupportedInterfaceOrientations_iPhone = "UIInterfaceOrientationPortrait UIInterfaceOrientationLandscapeLeft UIInterfaceOrientationLandscapeRight";
				LD_RUNPATH_SEARCH_PATHS = (
					"$(inherited)",
					"@executable_path/Frameworks",
				);
				MARKETING_VERSION = 1.0;
				PRODUCT_BUNDLE_IDENTIFIER = "nwmsu.Bandharapu-Assignment02";
				PRODUCT_NAME = "$(TARGET_NAME)";
				SWIFT_EMIT_LOC_STRINGS = YES;
				SWIFT_VERSION = 5.0;
				TARGETED_DEVICE_FAMILY = "1,2";
			};
			name = Release;
		};
		B4824BF127A75157002FD3AF /* Debug */ = {
			isa = XCBuildConfiguration;
			buildSettings = {
				ALWAYS_EMBED_SWIFT_STANDARD_LIBRARIES = YES;
				BUNDLE_LOADER = "$(TEST_HOST)";
				CODE_SIGN_STYLE = Automatic;
				CURRENT_PROJECT_VERSION = 1;
				GENERATE_INFOPLIST_FILE = YES;
				IPHONEOS_DEPLOYMENT_TARGET = 15.2;
				MARKETING_VERSION = 1.0;
				PRODUCT_BUNDLE_IDENTIFIER = "nwmsu.Bandharapu-Assignment02Tests";
				PRODUCT_NAME = "$(TARGET_NAME)";
				SWIFT_EMIT_LOC_STRINGS = NO;
				SWIFT_VERSION = 5.0;
				TARGETED_DEVICE_FAMILY = "1,2";
				TEST_HOST = "$(BUILT_PRODUCTS_DIR)/Bandharapu_Assignment02.app/Bandharapu_Assignment02";
			};
			name = Debug;
		};
		B4824BF227A75157002FD3AF /* Release */ = {
			isa = XCBuildConfiguration;
			buildSettings = {
				ALWAYS_EMBED_SWIFT_STANDARD_LIBRARIES = YES;
				BUNDLE_LOADER = "$(TEST_HOST)";
				CODE_SIGN_STYLE = Automatic;
				CURRENT_PROJECT_VERSION = 1;
				GENERATE_INFOPLIST_FILE = YES;
				IPHONEOS_DEPLOYMENT_TARGET = 15.2;
				MARKETING_VERSION = 1.0;
				PRODUCT_BUNDLE_IDENTIFIER = "nwmsu.Bandharapu-Assignment02Tests";
				PRODUCT_NAME = "$(TARGET_NAME)";
				SWIFT_EMIT_LOC_STRINGS = NO;
				SWIFT_VERSION = 5.0;
				TARGETED_DEVICE_FAMILY = "1,2";
				TEST_HOST = "$(BUILT_PRODUCTS_DIR)/Bandharapu_Assignment02.app/Bandharapu_Assignment02";
			};
			name = Release;
		};
		B4824BF427A75157002FD3AF /* Debug */ = {
			isa = XCBuildConfiguration;
			buildSettings = {
				ALWAYS_EMBED_SWIFT_STANDARD_LIBRARIES = YES;
				CODE_SIGN_STYLE = Automatic;
				CURRENT_PROJECT_VERSION = 1;
				GENERATE_INFOPLIST_FILE = YES;
				MARKETING_VERSION = 1.0;
				PRODUCT_BUNDLE_IDENTIFIER = "nwmsu.Bandharapu-Assignment02UITests";
				PRODUCT_NAME = "$(TARGET_NAME)";
				SWIFT_EMIT_LOC_STRINGS = NO;
				SWIFT_VERSION = 5.0;
				TARGETED_DEVICE_FAMILY = "1,2";
				TEST_TARGET_NAME = Bandharapu_Assignment02;
			};
			name = Debug;
		};
		B4824BF527A75157002FD3AF /* Release */ = {
			isa = XCBuildConfiguration;
			buildSettings = {
				ALWAYS_EMBED_SWIFT_STANDARD_LIBRARIES = YES;
				CODE_SIGN_STYLE = Automatic;
				CURRENT_PROJECT_VERSION = 1;
				GENERATE_INFOPLIST_FILE = YES;
				MARKETING_VERSION = 1.0;
				PRODUCT_BUNDLE_IDENTIFIER = "nwmsu.Bandharapu-Assignment02UITests";
				PRODUCT_NAME = "$(TARGET_NAME)";
				SWIFT_EMIT_LOC_STRINGS = NO;
				SWIFT_VERSION = 5.0;
				TARGETED_DEVICE_FAMILY = "1,2";
				TEST_TARGET_NAME = Bandharapu_Assignment02;
			};
			name = Release;
		};
/* End XCBuildConfiguration section */

/* Begin XCConfigurationList section */
		B4824BBE27A75154002FD3AF /* Build configuration list for PBXProject "Bandharapu_Assignment02" */ = {
			isa = XCConfigurationList;
			buildConfigurations = (
				B4824BEB27A75157002FD3AF /* Debug */,
				B4824BEC27A75157002FD3AF /* Release */,
			);
			defaultConfigurationIsVisible = 0;
			defaultConfigurationName = Release;
		};
		B4824BED27A75157002FD3AF /* Build configuration list for PBXNativeTarget "Bandharapu_Assignment02" */ = {
			isa = XCConfigurationList;
			buildConfigurations = (
				B4824BEE27A75157002FD3AF /* Debug */,
				B4824BEF27A75157002FD3AF /* Release */,
			);
			defaultConfigurationIsVisible = 0;
			defaultConfigurationName = Release;
		};
		B4824BF027A75157002FD3AF /* Build configuration list for PBXNativeTarget "Bandharapu_Assignment02Tests" */ = {
			isa = XCConfigurationList;
			buildConfigurations = (
				B4824BF127A75157002FD3AF /* Debug */,
				B4824BF227A75157002FD3AF /* Release */,
			);
			defaultConfigurationIsVisible = 0;
			defaultConfigurationName = Release;
		};
		B4824BF327A75157002FD3AF /* Build configuration list for PBXNativeTarget "Bandharapu_Assignment02UITests" */ = {
			isa = XCConfigurationList;
			buildConfigurations = (
				B4824BF427A75157002FD3AF /* Debug */,
				B4824BF527A75157002FD3AF /* Release */,
			);
			defaultConfigurationIsVisible = 0;
			defaultConfigurationName = Release;
		};
/* End XCConfigurationList section */
	};
	rootObject = B4824BBB27A75154002FD3AF /* Project object */;
}
